# DO NOT EDIT MANUALLY - Managed by Fern Replay
version: "1.0"
generations:
  - commit_sha: 3a1bc23c2f21c32ddcc3edd32e56287a466d0055
    tree_hash: bc7c4965f64bf537d14ca9f855956e1a240e76f6
    timestamp: 2026-08-26T21:05:09.026Z
    cli_version: unknown
    generator_versions: {}
current_generation: 3a1bc23c2f21c32ddcc3edd32e56287a466d0055
patches: []
