github.com/cohere-ai/tokenizer v0.1.0 h1:Kruf6PB10xpPaPBfQw2lz4Jn7LIauAEVsE69Pr+f0lg=
github.com/cohere-ai/tokenizer v0.1.0/go.mod h1:9MNFPd9j1fuiEK3ua2HSCUxxcrfGMlSqpa93livg/C0=
github.com/dlclark/regexp2 v1.4.0 h1:F1rxgk7p4uKjwIQxBs9oAXe5CqrXlCduYEJvrF4u93E=
github.com/dlclark/regexp2 v1.4.0/go.mod h1:2pZnwuY/m+8K6iRw6wQdMtk+rH5tNGR1i55kozfMjCc=
github.com/pkg/errors v0.9.1 h1:FEBLx1zS214owpjy7qsBeixbURkuhQAwrK5UwLGTwt4=
github.com/pkg/errors v0.9.1/go.mod h1:bwawxfHBFNV+L2hUp1rHADufV3IMtnDRdf1r5NINEl0=
